
Microsoft Visual Studio Solution File, Format Version 12.00
# Visual Studio Version 17
VisualStudioVersion = 17.4.33213.308
MinimumVisualStudioVersion = 10.0.40219.1
Project("{FAE04EC0-301F-11D3-BF4B-00C04F79EFBC}") = "SchoolAPI", "SchoolAPI\SchoolAPI.csproj", "{A52300B4-33E5-4FC2-96FE-52CC4A2553DC}"
EndProject
Project("{FAE04EC0-301F-11D3-BF4B-00C04F79EFBC}") = "SchoolAPI.Test", "SchoolAPI.Test\SchoolAPI.Test.csproj", "{A5838D92-045A-4688-91BA-136689FAB388}"
EndProject
Global
	GlobalSection(SolutionConfigurationPlatforms) = preSolution
		Debug|Any CPU = Debug|Any CPU
		Release|Any CPU = Release|Any CPU
	EndGlobalSection
	GlobalSection(ProjectConfigurationPlatforms) = postSolution
		{A52300B4-33E5-4FC2-96FE-52CC4A2553DC}.Debug|Any CPU.ActiveCfg = Debug|Any CPU
		{A52300B4-33E5-4FC2-96FE-52CC4A2553DC}.Debug|Any CPU.Build.0 = Debug|Any CPU
		{A52300B4-33E5-4FC2-96FE-52CC4A2553DC}.Release|Any CPU.ActiveCfg = Release|Any CPU
		{A52300B4-33E5-4FC2-96FE-52CC4A2553DC}.Release|Any CPU.Build.0 = Release|Any CPU
		{A5838D92-045A-4688-91BA-136689FAB388}.Debug|Any CPU.ActiveCfg = Debug|Any CPU
		{A5838D92-045A-4688-91BA-136689FAB388}.Debug|Any CPU.Build.0 = Debug|Any CPU
		{A5838D92-045A-4688-91BA-136689FAB388}.Release|Any CPU.ActiveCfg = Release|Any CPU
		{A5838D92-045A-4688-91BA-136689FAB388}.Release|Any CPU.Build.0 = Release|Any CPU
	EndGlobalSection
	GlobalSection(SolutionProperties) = preSolution
		HideSolutionNode = FALSE
	EndGlobalSection
	GlobalSection(ExtensibilityGlobals) = postSolution
		SolutionGuid = {861BC96E-47FA-4BF1-B78C-573B085B3D55}
	EndGlobalSection
EndGlobal
